Microsoft Visual Studio Solution File, Format Version 11.00
# Visual Studio 2010
Project("{E24C65DC-7377-472B-9ABA-BC803B73C61A}") = "XpoGate", "XpoGate", "{B8D54661-11D9-44BA-AA82-6BD54181F8F4}"
	ProjectSection(WebsiteProperties) = preProject
		TargetFramework = "3.5"
		Debug.AspNetCompiler.VirtualPath = "/XpoGate"
		Debug.AspNetCompiler.PhysicalPath = "XpoGate\"
		Debug.AspNetCompiler.TargetPath = "PrecompiledWeb\XpoGate\"
		Debug.AspNetCompiler.Updateable = "true"
		Debug.AspNetCompiler.ForceOverwrite = "true"
		Debug.AspNetCompiler.FixedNames = "false"
		Debug.AspNetCompiler.Debug = "True"
		Release.AspNetCompiler.VirtualPath = "/XpoGate"
		Release.AspNetCompiler.PhysicalPath = "XpoGate\"
		Release.AspNetCompiler.TargetPath = "PrecompiledWeb\XpoGate\"
		Release.AspNetCompiler.Updateable = "true"
		Release.AspNetCompiler.ForceOverwrite = "true"
		Release.AspNetCompiler.FixedNames = "false"
		Release.AspNetCompiler.Debug = "False"
		VWDPort = "51455"
	TargetFrameworkMoniker = ".NETFramework,Version%3Dv4.0"
EndProjectSection
EndProject
Project("{E24C65DC-7377-472B-9ABA-BC803B73C61A}") = "XPO_with_Web Service", "XPO_with_Web Service", "{83C80E78-16A3-46C1-991F-427F47D70EDF}"
	ProjectSection(WebsiteProperties) = preProject
		TargetFramework = "3.5"
		Debug.AspNetCompiler.VirtualPath = "/XPO_with_Web Service"
		Debug.AspNetCompiler.PhysicalPath = "XPO_with_Web Service\"
		Debug.AspNetCompiler.TargetPath = "PrecompiledWeb\XPO_with_Web Service\"
		Debug.AspNetCompiler.Updateable = "true"
		Debug.AspNetCompiler.ForceOverwrite = "true"
		Debug.AspNetCompiler.FixedNames = "false"
		Debug.AspNetCompiler.Debug = "True"
		Release.AspNetCompiler.VirtualPath = "/XPO_with_Web Service"
		Release.AspNetCompiler.PhysicalPath = "XPO_with_Web Service\"
		Release.AspNetCompiler.TargetPath = "PrecompiledWeb\XPO_with_Web Service\"
		Release.AspNetCompiler.Updateable = "true"
		Release.AspNetCompiler.ForceOverwrite = "true"
		Release.AspNetCompiler.FixedNames = "false"
		Release.AspNetCompiler.Debug = "False"
		VWDPort = "51514"
	TargetFrameworkMoniker = ".NETFramework,Version%3Dv4.0"
EndProjectSection
EndProject
Global
	GlobalSection(SolutionConfigurationPlatforms) = preSolution
		Debug|Any CPU = Debug|Any CPU
	EndGlobalSection
	GlobalSection(ProjectConfigurationPlatforms) = postSolution
		{B8D54661-11D9-44BA-AA82-6BD54181F8F4}.Debug|Any CPU.ActiveCfg = Debug|Any CPU
		{B8D54661-11D9-44BA-AA82-6BD54181F8F4}.Debug|Any CPU.Build.0 = Debug|Any CPU
		{83C80E78-16A3-46C1-991F-427F47D70EDF}.Debug|Any CPU.ActiveCfg = Debug|Any CPU
		{83C80E78-16A3-46C1-991F-427F47D70EDF}.Debug|Any CPU.Build.0 = Debug|Any CPU
	EndGlobalSection
	GlobalSection(SolutionProperties) = preSolution
		HideSolutionNode = FALSE
	EndGlobalSection
EndGlobal
